
Microsoft Visual Studio Solution File, Format Version 12.00
Project("{FAE04EC0-301F-11D3-BF4B-00C04F79EFBC}") = "VSharp", "src\VSharp\VSharp.csproj", "{5AED614B-FB20-4B40-B879-26A38D64F83E}"
EndProject
Project("{FAE04EC0-301F-11D3-BF4B-00C04F79EFBC}") = "VSharp.Core", "src\VSharp.Core\VSharp.Core.csproj", "{8085C73D-30C7-41D2-A73D-B0F75F4D99C8}"
EndProject
Global
	GlobalSection(SolutionConfigurationPlatforms) = preSolution
		Debug|Any CPU = Debug|Any CPU
		Release|Any CPU = Release|Any CPU
	EndGlobalSection
	GlobalSection(ProjectConfigurationPlatforms) = postSolution
		{5AED614B-FB20-4B40-B879-26A38D64F83E}.Debug|Any CPU.ActiveCfg = Debug|Any CPU
		{5AED614B-FB20-4B40-B879-26A38D64F83E}.Debug|Any CPU.Build.0 = Debug|Any CPU
		{5AED614B-FB20-4B40-B879-26A38D64F83E}.Release|Any CPU.ActiveCfg = Release|Any CPU
		{5AED614B-FB20-4B40-B879-26A38D64F83E}.Release|Any CPU.Build.0 = Release|Any CPU
		{8085C73D-30C7-41D2-A73D-B0F75F4D99C8}.Debug|Any CPU.ActiveCfg = Debug|Any CPU
		{8085C73D-30C7-41D2-A73D-B0F75F4D99C8}.Debug|Any CPU.Build.0 = Debug|Any CPU
		{8085C73D-30C7-41D2-A73D-B0F75F4D99C8}.Release|Any CPU.ActiveCfg = Release|Any CPU
		{8085C73D-30C7-41D2-A73D-B0F75F4D99C8}.Release|Any CPU.Build.0 = Release|Any CPU
	EndGlobalSection
EndGlobal
